
Microsoft Visual Studio Solution File, Format Version 12.00
# Visual Studio 2012
# SharpDevelop 4.4
VisualStudioVersion = 12.0.20827.3
MinimumVisualStudioVersion = 10.0.40219.1
Project("{FAE04EC0-301F-11D3-BF4B-00C04F79EFBC}") = "BlinkStickAmbiLight", "BlinkStickAmbiLight.csproj", "{5B6D01BD-71FA-451F-99BD-C41DC91FC7ED}"
EndProject
Global
	GlobalSection(SolutionConfigurationPlatforms) = preSolution
		Debug|Any CPU = Debug|Any CPU
		Release|Any CPU = Release|Any CPU
	EndGlobalSection
	GlobalSection(ProjectConfigurationPlatforms) = postSolution
		{5B6D01BD-71FA-451F-99BD-C41DC91FC7ED}.Debug|Any CPU.ActiveCfg = Debug|Any CPU
		{5B6D01BD-71FA-451F-99BD-C41DC91FC7ED}.Debug|Any CPU.Build.0 = Debug|Any CPU
		{5B6D01BD-71FA-451F-99BD-C41DC91FC7ED}.Release|Any CPU.ActiveCfg = Release|Any CPU
		{5B6D01BD-71FA-451F-99BD-C41DC91FC7ED}.Release|Any CPU.Build.0 = Release|Any CPU
	EndGlobalSection
EndGlobal
